// !$*UTF8*$!
{
	archiveVersion = 1;
	classes = {
	};
	objectVersion = 77;
	objects = {

/* Begin PBXBuildFile section */
		61F086B92CC79D3D000F9844 /* FirebaseAnalytics in Frameworks */ = {isa = PBXBuildFile; productRef = 61F086B82CC79D3D000F9844 /* FirebaseAnalytics */; };
		61F086BB2CC79D3D000F9844 /* FirebaseAnalyticsOnDeviceConversion in Frameworks */ = {isa = PBXBuildFile; productRef = 61F086BA2CC79D3D000F9844 /* FirebaseAnalyticsOnDeviceConversion */; };
		61F086BD2CC79D3D000F9844 /* FirebaseAnalyticsWithoutAdIdSupport in Frameworks */ = {isa = PBXBuildFile; productRef = 61F086BC2CC79D3D000F9844 /* FirebaseAnalyticsWithoutAdIdSupport */; };
		61F086BF2CC79D3D000F9844 /* FirebaseAppCheck in Frameworks */ = {isa = PBXBuildFile; productRef = 61F086BE2CC79D3D000F9844 /* FirebaseAppCheck */; };
		61F086C12CC79D3D000F9844 /* FirebaseAuth in Frameworks */ = {isa = PBXBuildFile; productRef = 61F086C02CC79D3D000F9844 /* FirebaseAuth */; };
		61F086C32CC79D3D000F9844 /* FirebaseAuthCombine-Community in Frameworks */ = {isa = PBXBuildFile; productRef = 61F086C22CC79D3D000F9844 /* FirebaseAuthCombine-Community */; };
		61F086C52CC79D3D000F9844 /* FirebaseCore in Frameworks */ = {isa = PBXBuildFile; productRef = 61F086C42CC79D3D000F9844 /* FirebaseCore */; };
		61F086C72CC79D3D000F9844 /* FirebaseCrashlytics in Frameworks */ = {isa = PBXBuildFile; productRef = 61F086C62CC79D3D000F9844 /* FirebaseCrashlytics */; };
		61F086C92CC79D3D000F9844 /* FirebaseDatabase in Frameworks */ = {isa = PBXBuildFile; productRef = 61F086C82CC79D3D000F9844 /* FirebaseDatabase */; };
		61F086CB2CC79D3D000F9844 /* FirebaseFirestore in Frameworks */ = {isa = PBXBuildFile; productRef = 61F086CA2CC79D3D000F9844 /* FirebaseFirestore */; };
		61F086CD2CC79D3D000F9844 /* FirebaseFirestoreCombine-Community in Frameworks */ = {isa = PBXBuildFile; productRef = 61F086CC2CC79D3D000F9844 /* FirebaseFirestoreCombine-Community */; };
		61F086CF2CC79D3D000F9844 /* FirebaseFunctions in Frameworks */ = {isa = PBXBuildFile; productRef = 61F086CE2CC79D3D000F9844 /* FirebaseFunctions */; };
		61F086D12CC79D3D000F9844 /* FirebaseFunctionsCombine-Community in Frameworks */ = {isa = PBXBuildFile; productRef = 61F086D02CC79D3D000F9844 /* FirebaseFunctionsCombine-Community */; };
		61F086D32CC79D3D000F9844 /* FirebaseInstallations in Frameworks */ = {isa = PBXBuildFile; productRef = 61F086D22CC79D3D000F9844 /* FirebaseInstallations */; };
		61F086D52CC79D3D000F9844 /* FirebasePerformance in Frameworks */ = {isa = PBXBuildFile; productRef = 61F086D42CC79D3D000F9844 /* FirebasePerformance */; };
		61F086D72CC79D3D000F9844 /* FirebaseStorage in Frameworks */ = {isa = PBXBuildFile; productRef = 61F086D62CC79D3D000F9844 /* FirebaseStorage */; };
		61F086D92CC79D3D000F9844 /* FirebaseStorageCombine-Community in Frameworks */ = {isa = PBXBuildFile; productRef = 61F086D82CC79D3D000F9844 /* FirebaseStorageCombine-Community */; };
		6E582C602CF3A0CB005982A4 /* StrongerApp.swift in Sources */ = {isa = PBXBuildFile; fileRef = 6E582C452CF3A0CB005982A4 /* StrongerApp.swift */; };
		6EA848EC2D299FBF003D33B2 /* Lottie in Frameworks */ = {isa = PBXBuildFile; productRef = 6EA848EB2D299FBF003D33B2 /* Lottie */; };
/* End PBXBuildFile section */

/* Begin PBXContainerItemProxy section */
		6E3D4A532D268BD400259C04 /* PBXContainerItemProxy */ = {
			isa = PBXContainerItemProxy;
			containerPortal = 61F0866B2CC2C036000F9844 /* Project object */;
			proxyType = 1;
			remoteGlobalIDString = 61F086722CC2C036000F9844;
			remoteInfo = Stronger;
		};
/* End PBXContainerItemProxy section */

/* Begin PBXCopyFilesBuildPhase section */
		6EA848F02D299FBF003D33B2 /* Embed Frameworks */ = {
			isa = PBXCopyFilesBuildPhase;
			buildActionMask = 2147483647;
			dstPath = "";
			dstSubfolderSpec = 10;
			files = (
			);
			name = "Embed Frameworks";
			runOnlyForDeploymentPostprocessing = 0;
		};
/* End PBXCopyFilesBuildPhase section */

/* Begin PBXFileReference section */
		61F086732CC2C036000F9844 /* Stronger.app */ = {isa = PBXFileReference; explicitFileType = wrapper.application; includeInIndex = 0; path = Stronger.app; sourceTree = BUILT_PRODUCTS_DIR; };
		6E3D4A4F2D268BD400259C04 /* StrongerTests.xctest */ = {isa = PBXFileReference; explicitFileType = wrapper.cfbundle; includeInIndex = 0; path = StrongerTests.xctest; sourceTree = BUILT_PRODUCTS_DIR; };
		6E582C452CF3A0CB005982A4 /* StrongerApp.swift */ = {isa = PBXFileReference; lastKnownFileType = sourcecode.swift; path = StrongerApp.swift; sourceTree = "<group>"; };
/* End PBXFileReference section */

/* Begin PBXFileSystemSynchronizedBuildFileExceptionSet section */
		6EA848F52D299FE6003D33B2 /* Exceptions for "Stronger" folder in "StrongerTests" target */ = {
			isa = PBXFileSystemSynchronizedBuildFileExceptionSet;
			membershipExceptions = (
				Lottie/Animations/Success.json,
				Lottie/LottieView.swift,
				ViewModels/Measurements/BodyMeasurementsViewModel.swift,
				ViewModels/Workouts/InfoViewModel.swift,
				Views/Components/ImagePicker.swift,
				Views/Main/AddMeasurementsView.swift,
				Views/Shared/LogoAnimationView.swift,
				Views/Shared/SuccessSheetView.swift,
				Views/Stats/BodyMeasurementsHistoryView.swift,
				Views/Stats/MacrosHistoryView.swift,
				Views/Stats/StatsView.swift,
				Views/Stats/WeightHistoryView.swift,
			);
			target = 6E3D4A4E2D268BD400259C04 /* StrongerTests */;
		};
/* End PBXFileSystemSynchronizedBuildFileExceptionSet section */

/* Begin PBXFileSystemSynchronizedRootGroup section */
		61F086752CC2C036000F9844 /* Stronger */ = {
			isa = PBXFileSystemSynchronizedRootGroup;
			exceptions = (
				6EA848F52D299FE6003D33B2 /* Exceptions for "Stronger" folder in "StrongerTests" target */,
			);
			path = Stronger;
			sourceTree = "<group>";
		};
		6E3D4A502D268BD400259C04 /* StrongerTests */ = {
			isa = PBXFileSystemSynchronizedRootGroup;
			path = StrongerTests;
			sourceTree = "<group>";
		};
/* End PBXFileSystemSynchronizedRootGroup section */

/* Begin PBXFrameworksBuildPhase section */
		61F086702CC2C036000F9844 /* Frameworks */ = {
			isa = PBXFrameworksBuildPhase;
			buildActionMask = 2147483647;
			files = (
				61F086BF2CC79D3D000F9844 /* FirebaseAppCheck in Frameworks */,
				61F086D32CC79D3D000F9844 /* FirebaseInstallations in Frameworks */,
				61F086D52CC79D3D000F9844 /* FirebasePerformance in Frameworks */,
				61F086C32CC79D3D000F9844 /* FirebaseAuthCombine-Community in Frameworks */,
				61F086C12CC79D3D000F9844 /* FirebaseAuth in Frameworks */,
				61F086D72CC79D3D000F9844 /* FirebaseStorage in Frameworks */,
				61F086D92CC79D3D000F9844 /* FirebaseStorageCombine-Community in Frameworks */,
				61F086CF2CC79D3D000F9844 /* FirebaseFunctions in Frameworks */,
				61F086CB2CC79D3D000F9844 /* FirebaseFirestore in Frameworks */,
				61F086B92CC79D3D000F9844 /* FirebaseAnalytics in Frameworks */,
				61F086CD2CC79D3D000F9844 /* FirebaseFirestoreCombine-Community in Frameworks */,
				6EA848EC2D299FBF003D33B2 /* Lottie in Frameworks */,
				61F086C52CC79D3D000F9844 /* FirebaseCore in Frameworks */,
				61F086D12CC79D3D000F9844 /* FirebaseFunctionsCombine-Community in Frameworks */,
				61F086C72CC79D3D000F9844 /* FirebaseCrashlytics in Frameworks */,
				61F086C92CC79D3D000F9844 /* FirebaseDatabase in Frameworks */,
				61F086BD2CC79D3D000F9844 /* FirebaseAnalyticsWithoutAdIdSupport in Frameworks */,
				61F086BB2CC79D3D000F9844 /* FirebaseAnalyticsOnDeviceConversion in Frameworks */,
			);
			runOnlyForDeploymentPostprocessing = 0;
		};
		6E3D4A4C2D268BD400259C04 /* Frameworks */ = {
			isa = PBXFrameworksBuildPhase;
			buildActionMask = 2147483647;
			files = (
			);
			runOnlyForDeploymentPostprocessing = 0;
		};
/* End PBXFrameworksBuildPhase section */

/* Begin PBXGroup section */
		61F0866A2CC2C036000F9844 = {
			isa = PBXGroup;
			children = (
				6E582C452CF3A0CB005982A4 /* StrongerApp.swift */,
				6E3D4A502D268BD400259C04 /* StrongerTests */,
				61F086742CC2C036000F9844 /* Products */,
				61F086752CC2C036000F9844 /* Stronger */,
				6EA848EA2D299FBF003D33B2 /* Frameworks */,
			);
			sourceTree = "<group>";
		};
		61F086742CC2C036000F9844 /* Products */ = {
			isa = PBXGroup;
			children = (
				61F086732CC2C036000F9844 /* Stronger.app */,
				6E3D4A4F2D268BD400259C04 /* StrongerTests.xctest */,
			);
			name = Products;
			sourceTree = "<group>";
		};
		6EA848EA2D299FBF003D33B2 /* Frameworks */ = {
			isa = PBXGroup;
			children = (
			);
			name = Frameworks;
			sourceTree = "<group>";
		};
/* End PBXGroup section */

/* Begin PBXNativeTarget section */
		61F086722CC2C036000F9844 /* Stronger */ = {
			isa = PBXNativeTarget;
			buildConfigurationList = 61F086812CC2C037000F9844 /* Build configuration list for PBXNativeTarget "Stronger" */;
			buildPhases = (
				61F0866F2CC2C036000F9844 /* Sources */,
				61F086702CC2C036000F9844 /* Frameworks */,
				61F086712CC2C036000F9844 /* Resources */,
				6EA848F02D299FBF003D33B2 /* Embed Frameworks */,
			);
			buildRules = (
			);
			dependencies = (
			);
			fileSystemSynchronizedGroups = (
				61F086752CC2C036000F9844 /* Stronger */,
			);
			name = Stronger;
			packageProductDependencies = (
				61F086B82CC79D3D000F9844 /* FirebaseAnalytics */,
				61F086BA2CC79D3D000F9844 /* FirebaseAnalyticsOnDeviceConversion */,
				61F086BC2CC79D3D000F9844 /* FirebaseAnalyticsWithoutAdIdSupport */,
				61F086BE2CC79D3D000F9844 /* FirebaseAppCheck */,
				61F086C02CC79D3D000F9844 /* FirebaseAuth */,
				61F086C22CC79D3D000F9844 /* FirebaseAuthCombine-Community */,
				61F086C42CC79D3D000F9844 /* FirebaseCore */,
				61F086C62CC79D3D000F9844 /* FirebaseCrashlytics */,
				61F086C82CC79D3D000F9844 /* FirebaseDatabase */,
				61F086CA2CC79D3D000F9844 /* FirebaseFirestore */,
				61F086CC2CC79D3D000F9844 /* FirebaseFirestoreCombine-Community */,
				61F086CE2CC79D3D000F9844 /* FirebaseFunctions */,
				61F086D02CC79D3D000F9844 /* FirebaseFunctionsCombine-Community */,
				61F086D22CC79D3D000F9844 /* FirebaseInstallations */,
				61F086D42CC79D3D000F9844 /* FirebasePerformance */,
				61F086D62CC79D3D000F9844 /* FirebaseStorage */,
				61F086D82CC79D3D000F9844 /* FirebaseStorageCombine-Community */,
				6EA848EB2D299FBF003D33B2 /* Lottie */,
			);
			productName = Stronger;
			productReference = 61F086732CC2C036000F9844 /* Stronger.app */;
			productType = "com.apple.product-type.application";
		};
		6E3D4A4E2D268BD400259C04 /* StrongerTests */ = {
			isa = PBXNativeTarget;
			buildConfigurationList = 6E3D4A572D268BD400259C04 /* Build configuration list for PBXNativeTarget "StrongerTests" */;
			buildPhases = (
				6E3D4A4B2D268BD400259C04 /* Sources */,
				6E3D4A4C2D268BD400259C04 /* Frameworks */,
				6E3D4A4D2D268BD400259C04 /* Resources */,
			);
			buildRules = (
			);
			dependencies = (
				6E3D4A542D268BD400259C04 /* PBXTargetDependency */,
			);
			fileSystemSynchronizedGroups = (
				6E3D4A502D268BD400259C04 /* StrongerTests */,
			);
			name = StrongerTests;
			packageProductDependencies = (
			);
			productName = StrongerTests;
			productReference = 6E3D4A4F2D268BD400259C04 /* StrongerTests.xctest */;
			productType = "com.apple.product-type.bundle.unit-test";
		};
/* End PBXNativeTarget section */

/* Begin PBXProject section */
		61F0866B2CC2C036000F9844 /* Project object */ = {
			isa = PBXProject;
			attributes = {
				BuildIndependentTargetsInParallel = 1;
				LastSwiftUpdateCheck = 1610;
				LastUpgradeCheck = 1600;
				TargetAttributes = {
					61F086722CC2C036000F9844 = {
						CreatedOnToolsVersion = 16.0;
					};
					6E3D4A4E2D268BD400259C04 = {
						CreatedOnToolsVersion = 16.1;
						TestTargetID = 61F086722CC2C036000F9844;
					};
				};
			};
			buildConfigurationList = 61F0866E2CC2C036000F9844 /* Build configuration list for PBXProject "Stronger" */;
			developmentRegion = en;
			hasScannedForEncodings = 0;
			knownRegions = (
				en,
				Base,
			);
			mainGroup = 61F0866A2CC2C036000F9844;
			minimizedProjectReferenceProxies = 1;
			packageReferences = (
				61F086B72CC79D3D000F9844 /* XCRemoteSwiftPackageReference "firebase-ios-sdk" */,
				6EA848E92D299FB0003D33B2 /* XCRemoteSwiftPackageReference "lottie-ios" */,
			);
			preferredProjectObjectVersion = 77;
			productRefGroup = 61F086742CC2C036000F9844 /* Products */;
			projectDirPath = "";
			projectRoot = "";
			targets = (
				61F086722CC2C036000F9844 /* Stronger */,
				6E3D4A4E2D268BD400259C04 /* StrongerTests */,
			);
		};
/* End PBXProject section */

/* Begin PBXResourcesBuildPhase section */
		61F086712CC2C036000F9844 /* Resources */ = {
			isa = PBXResourcesBuildPhase;
			buildActionMask = 2147483647;
			files = (
			);
			runOnlyForDeploymentPostprocessing = 0;
		};
		6E3D4A4D2D268BD400259C04 /* Resources */ = {
			isa = PBXResourcesBuildPhase;
			buildActionMask = 2147483647;
			files = (
			);
			runOnlyForDeploymentPostprocessing = 0;
		};
/* End PBXResourcesBuildPhase section */

/* Begin PBXSourcesBuildPhase section */
		61F0866F2CC2C036000F9844 /* Sources */ = {
			isa = PBXSourcesBuildPhase;
			buildActionMask = 2147483647;
			files = (
				6E582C602CF3A0CB005982A4 /* StrongerApp.swift in Sources */,
			);
			runOnlyForDeploymentPostprocessing = 0;
		};
		6E3D4A4B2D268BD400259C04 /* Sources */ = {
			isa = PBXSourcesBuildPhase;
			buildActionMask = 2147483647;
			files = (
			);
			runOnlyForDeploymentPostprocessing = 0;
		};
/* End PBXSourcesBuildPhase section */

/* Begin PBXTargetDependency section */
		6E3D4A542D268BD400259C04 /* PBXTargetDependency */ = {
			isa = PBXTargetDependency;
			target = 61F086722CC2C036000F9844 /* Stronger */;
			targetProxy = 6E3D4A532D268BD400259C04 /* PBXContainerItemProxy */;
		};
/* End PBXTargetDependency section */

/* Begin XCBuildConfiguration section */
		61F0867F2CC2C037000F9844 /* Debug */ = {
			isa = XCBuildConfiguration;
			buildSettings = {
				ALWAYS_SEARCH_USER_PATHS = NO;
				ASSETCATALOG_COMPILER_GENERATE_SWIFT_ASSET_SYMBOL_EXTENSIONS = YES;
				CLANG_ANALYZER_NONNULL = YES;
				CLANG_ANALYZER_NUMBER_OBJECT_CONVERSION = YES_AGGRESSIVE;
				CLANG_CXX_LANGUAGE_STANDARD = "gnu++20";
				CLANG_ENABLE_MODULES = YES;
				CLANG_ENABLE_OBJC_ARC = YES;
				CLANG_ENABLE_OBJC_WEAK = YES;
				CLANG_WARN_BLOCK_CAPTURE_AUTORELEASING = YES;
				CLANG_WARN_BOOL_CONVERSION = YES;
				CLANG_WARN_COMMA = YES;
				CLANG_WARN_CONSTANT_CONVERSION = YES;
				CLANG_WARN_DEPRECATED_OBJC_IMPLEMENTATIONS = YES;
				CLANG_WARN_DIRECT_OBJC_ISA_USAGE = YES_ERROR;
				CLANG_WARN_DOCUMENTATION_COMMENTS = YES;
				CLANG_WARN_EMPTY_BODY = YES;
				CLANG_WARN_ENUM_CONVERSION = YES;
				CLANG_WARN_INFINITE_RECURSION = YES;
				CLANG_WARN_INT_CONVERSION = YES;
				CLANG_WARN_NON_LITERAL_NULL_CONVERSION = YES;
				CLANG_WARN_OBJC_IMPLICIT_RETAIN_SELF = YES;
				CLANG_WARN_OBJC_LITERAL_CONVERSION = YES;
				CLANG_WARN_OBJC_ROOT_CLASS = YES_ERROR;
				CLANG_WARN_QUOTED_INCLUDE_IN_FRAMEWORK_HEADER = YES;
				CLANG_WARN_RANGE_LOOP_ANALYSIS = YES;
				CLANG_WARN_STRICT_PROTOTYPES = YES;
				CLANG_WARN_SUSPICIOUS_MOVE = YES;
				CLANG_WARN_UNGUARDED_AVAILABILITY = YES_AGGRESSIVE;
				CLANG_WARN_UNREACHABLE_CODE = YES;
				CLANG_WARN__DUPLICATE_METHOD_MATCH = YES;
				COPY_PHASE_STRIP = NO;
				DEBUG_INFORMATION_FORMAT = dwarf;
				ENABLE_STRICT_OBJC_MSGSEND = YES;
				ENABLE_TESTABILITY = YES;
				ENABLE_USER_SCRIPT_SANDBOXING = YES;
				GCC_C_LANGUAGE_STANDARD = gnu17;
				GCC_DYNAMIC_NO_PIC = NO;
				GCC_NO_COMMON_BLOCKS = YES;
				GCC_OPTIMIZATION_LEVEL = 0;
				GCC_PREPROCESSOR_DEFINITIONS = (
					"DEBUG=1",
					"$(inherited)",
				);
				GCC_WARN_64_TO_32_BIT_CONVERSION = YES;
				GCC_WARN_ABOUT_RETURN_TYPE = YES_ERROR;
				GCC_WARN_UNDECLARED_SELECTOR = YES;
				GCC_WARN_UNINITIALIZED_AUTOS = YES_AGGRESSIVE;
				GCC_WARN_UNUSED_FUNCTION = YES;
				GCC_WARN_UNUSED_VARIABLE = YES;
				IPHONEOS_DEPLOYMENT_TARGET = 18.0;
				LOCALIZATION_PREFERS_STRING_CATALOGS = YES;
				MTL_ENABLE_DEBUG_INFO = INCLUDE_SOURCE;
				MTL_FAST_MATH = YES;
				ONLY_ACTIVE_ARCH = YES;
				SDKROOT = iphoneos;
				SWIFT_ACTIVE_COMPILATION_CONDITIONS = "DEBUG $(inherited)";
				SWIFT_OPTIMIZATION_LEVEL = "-Onone";
			};
			name = Debug;
		};
		61F086802CC2C037000F9844 /* Release */ = {
			isa = XCBuildConfiguration;
			buildSettings = {
				ALWAYS_SEARCH_USER_PATHS = NO;
				ASSETCATALOG_COMPILER_GENERATE_SWIFT_ASSET_SYMBOL_EXTENSIONS = YES;
				CLANG_ANALYZER_NONNULL = YES;
				CLANG_ANALYZER_NUMBER_OBJECT_CONVERSION = YES_AGGRESSIVE;
				CLANG_CXX_LANGUAGE_STANDARD = "gnu++20";
				CLANG_ENABLE_MODULES = YES;
				CLANG_ENABLE_OBJC_ARC = YES;
				CLANG_ENABLE_OBJC_WEAK = YES;
				CLANG_WARN_BLOCK_CAPTURE_AUTORELEASING = YES;
				CLANG_WARN_BOOL_CONVERSION = YES;
				CLANG_WARN_COMMA = YES;
				CLANG_WARN_CONSTANT_CONVERSION = YES;
				CLANG_WARN_DEPRECATED_OBJC_IMPLEMENTATIONS = YES;
				CLANG_WARN_DIRECT_OBJC_ISA_USAGE = YES_ERROR;
				CLANG_WARN_DOCUMENTATION_COMMENTS = YES;
				CLANG_WARN_EMPTY_BODY = YES;
				CLANG_WARN_ENUM_CONVERSION = YES;
				CLANG_WARN_INFINITE_RECURSION = YES;
				CLANG_WARN_INT_CONVERSION = YES;
				CLANG_WARN_NON_LITERAL_NULL_CONVERSION = YES;
				CLANG_WARN_OBJC_IMPLICIT_RETAIN_SELF = YES;
				CLANG_WARN_OBJC_LITERAL_CONVERSION = YES;
				CLANG_WARN_OBJC_ROOT_CLASS = YES_ERROR;
				CLANG_WARN_QUOTED_INCLUDE_IN_FRAMEWORK_HEADER = YES;
				CLANG_WARN_RANGE_LOOP_ANALYSIS = YES;
				CLANG_WARN_STRICT_PROTOTYPES = YES;
				CLANG_WARN_SUSPICIOUS_MOVE = YES;
				CLANG_WARN_UNGUARDED_AVAILABILITY = YES_AGGRESSIVE;
				CLANG_WARN_UNREACHABLE_CODE = YES;
				CLANG_WARN__DUPLICATE_METHOD_MATCH = YES;
				COPY_PHASE_STRIP = NO;
				DEBUG_INFORMATION_FORMAT = "dwarf-with-dsym";
				ENABLE_NS_ASSERTIONS = NO;
				ENABLE_STRICT_OBJC_MSGSEND = YES;
				ENABLE_USER_SCRIPT_SANDBOXING = YES;
				GCC_C_LANGUAGE_STANDARD = gnu17;
				GCC_NO_COMMON_BLOCKS = YES;
				GCC_WARN_64_TO_32_BIT_CONVERSION = YES;
				GCC_WARN_ABOUT_RETURN_TYPE = YES_ERROR;
				GCC_WARN_UNDECLARED_SELECTOR = YES;
				GCC_WARN_UNINITIALIZED_AUTOS = YES_AGGRESSIVE;
				GCC_WARN_UNUSED_FUNCTION = YES;
				GCC_WARN_UNUSED_VARIABLE = YES;
				IPHONEOS_DEPLOYMENT_TARGET = 18.0;
				LOCALIZATION_PREFERS_STRING_CATALOGS = YES;
				MTL_ENABLE_DEBUG_INFO = NO;
				MTL_FAST_MATH = YES;
				SDKROOT = iphoneos;
				SWIFT_COMPILATION_MODE = wholemodule;
				VALIDATE_PRODUCT = YES;
			};
			name = Release;
		};
		61F086822CC2C037000F9844 /* Debug */ = {
			isa = XCBuildConfiguration;
			buildSettings = {
				ASSETCATALOG_COMPILER_APPICON_NAME = AppIcon;
				ASSETCATALOG_COMPILER_GLOBAL_ACCENT_COLOR_NAME = AccentColor;
				CODE_SIGN_STYLE = Automatic;
				CURRENT_PROJECT_VERSION = 1;
				DEVELOPMENT_ASSET_PATHS = "\"Stronger/Preview Content\"";
				DEVELOPMENT_TEAM = 434W4NYSB5;
				ENABLE_PREVIEWS = YES;
				GENERATE_INFOPLIST_FILE = YES;
				INFOPLIST_KEY_CFBundleDisplayName = Fitally;
				INFOPLIST_KEY_UIApplicationSceneManifest_Generation = YES;
				INFOPLIST_KEY_UIApplicationSupportsIndirectInputEvents = YES;
				INFOPLIST_KEY_UILaunchScreen_Generation = YES;
				INFOPLIST_KEY_UISupportedInterfaceOrientations_iPad = "UIInterfaceOrientationPortrait UIInterfaceOrientationPortraitUpsideDown UIInterfaceOrientationLandscapeLeft UIInterfaceOrientationLandscapeRight";
				INFOPLIST_KEY_UISupportedInterfaceOrientations_iPhone = "UIInterfaceOrientationPortrait UIInterfaceOrientationLandscapeLeft UIInterfaceOrientationLandscapeRight";
				LD_RUNPATH_SEARCH_PATHS = (
					"$(inherited)",
					"@executable_path/Frameworks",
				);
				MARKETING_VERSION = 1.0;
				PRODUCT_BUNDLE_IDENTIFIER = com.mateuszzeu.Stronger;
				PRODUCT_NAME = "$(TARGET_NAME)";
				SWIFT_EMIT_LOC_STRINGS = YES;
				SWIFT_VERSION = 5.0;
				TARGETED_DEVICE_FAMILY = "1,2";
			};
			name = Debug;
		};
		61F086832CC2C037000F9844 /* Release */ = {
			isa = XCBuildConfiguration;
			buildSettings = {
				ASSETCATALOG_COMPILER_APPICON_NAME = AppIcon;
				ASSETCATALOG_COMPILER_GLOBAL_ACCENT_COLOR_NAME = AccentColor;
				CODE_SIGN_STYLE = Automatic;
				CURRENT_PROJECT_VERSION = 1;
				DEVELOPMENT_ASSET_PATHS = "\"Stronger/Preview Content\"";
				DEVELOPMENT_TEAM = 434W4NYSB5;
				ENABLE_PREVIEWS = YES;
				GENERATE_INFOPLIST_FILE = YES;
				INFOPLIST_KEY_CFBundleDisplayName = Fitally;
				INFOPLIST_KEY_UIApplicationSceneManifest_Generation = YES;
				INFOPLIST_KEY_UIApplicationSupportsIndirectInputEvents = YES;
				INFOPLIST_KEY_UILaunchScreen_Generation = YES;
				INFOPLIST_KEY_UISupportedInterfaceOrientations_iPad = "UIInterfaceOrientationPortrait UIInterfaceOrientationPortraitUpsideDown UIInterfaceOrientationLandscapeLeft UIInterfaceOrientationLandscapeRight";
				INFOPLIST_KEY_UISupportedInterfaceOrientations_iPhone = "UIInterfaceOrientationPortrait UIInterfaceOrientationLandscapeLeft UIInterfaceOrientationLandscapeRight";
				LD_RUNPATH_SEARCH_PATHS = (
					"$(inherited)",
					"@executable_path/Frameworks",
				);
				MARKETING_VERSION = 1.0;
				PRODUCT_BUNDLE_IDENTIFIER = com.mateuszzeu.Stronger;
				PRODUCT_NAME = "$(TARGET_NAME)";
				SWIFT_EMIT_LOC_STRINGS = YES;
				SWIFT_VERSION = 5.0;
				TARGETED_DEVICE_FAMILY = "1,2";
			};
			name = Release;
		};
		6E3D4A552D268BD400259C04 /* Debug */ = {
			isa = XCBuildConfiguration;
			buildSettings = {
				BUNDLE_LOADER = "$(TEST_HOST)";
				CODE_SIGN_STYLE = Automatic;
				CURRENT_PROJECT_VERSION = 1;
				DEVELOPMENT_TEAM = 434W4NYSB5;
				GENERATE_INFOPLIST_FILE = YES;
				IPHONEOS_DEPLOYMENT_TARGET = 18.1;
				MARKETING_VERSION = 1.0;
				PRODUCT_BUNDLE_IDENTIFIER = xzeu.StrongerTests;
				PRODUCT_NAME = "$(TARGET_NAME)";
				SWIFT_EMIT_LOC_STRINGS = NO;
				SWIFT_VERSION = 5.0;
				TARGETED_DEVICE_FAMILY = "1,2";
				TEST_HOST = "$(BUILT_PRODUCTS_DIR)/Stronger.app/$(BUNDLE_EXECUTABLE_FOLDER_PATH)/Stronger";
			};
			name = Debug;
		};
		6E3D4A562D268BD400259C04 /* Release */ = {
			isa = XCBuildConfiguration;
			buildSettings = {
				BUNDLE_LOADER = "$(TEST_HOST)";
				CODE_SIGN_STYLE = Automatic;
				CURRENT_PROJECT_VERSION = 1;
				DEVELOPMENT_TEAM = 434W4NYSB5;
				GENERATE_INFOPLIST_FILE = YES;
				IPHONEOS_DEPLOYMENT_TARGET = 18.1;
				MARKETING_VERSION = 1.0;
				PRODUCT_BUNDLE_IDENTIFIER = xzeu.StrongerTests;
				PRODUCT_NAME = "$(TARGET_NAME)";
				SWIFT_EMIT_LOC_STRINGS = NO;
				SWIFT_VERSION = 5.0;
				TARGETED_DEVICE_FAMILY = "1,2";
				TEST_HOST = "$(BUILT_PRODUCTS_DIR)/Stronger.app/$(BUNDLE_EXECUTABLE_FOLDER_PATH)/Stronger";
			};
			name = Release;
		};
/* End XCBuildConfiguration section */

/* Begin XCConfigurationList section */
		61F0866E2CC2C036000F9844 /* Build configuration list for PBXProject "Stronger" */ = {
			isa = XCConfigurationList;
			buildConfigurations = (
				61F0867F2CC2C037000F9844 /* Debug */,
				61F086802CC2C037000F9844 /* Release */,
			);
			defaultConfigurationIsVisible = 0;
			defaultConfigurationName = Release;
		};
		61F086812CC2C037000F9844 /* Build configuration list for PBXNativeTarget "Stronger" */ = {
			isa = XCConfigurationList;
			buildConfigurations = (
				61F086822CC2C037000F9844 /* Debug */,
				61F086832CC2C037000F9844 /* Release */,
			);
			defaultConfigurationIsVisible = 0;
			defaultConfigurationName = Release;
		};
		6E3D4A572D268BD400259C04 /* Build configuration list for PBXNativeTarget "StrongerTests" */ = {
			isa = XCConfigurationList;
			buildConfigurations = (
				6E3D4A552D268BD400259C04 /* Debug */,
				6E3D4A562D268BD400259C04 /* Release */,
			);
			defaultConfigurationIsVisible = 0;
			defaultConfigurationName = Release;
		};
/* End XCConfigurationList section */

/* Begin XCRemoteSwiftPackageReference section */
		61F086B72CC79D3D000F9844 /* XCRemoteSwiftPackageReference "firebase-ios-sdk" */ = {
			isa = XCRemoteSwiftPackageReference;
			repositoryURL = "https://github.com/firebase/firebase-ios-sdk.git";
			requirement = {
				kind = upToNextMajorVersion;
				minimumVersion = 11.4.0;
			};
		};
		6EA848E92D299FB0003D33B2 /* XCRemoteSwiftPackageReference "lottie-ios" */ = {
			isa = XCRemoteSwiftPackageReference;
			repositoryURL = "https://github.com/airbnb/lottie-ios.git";
			requirement = {
				kind = upToNextMajorVersion;
				minimumVersion = 4.5.1;
			};
		};
/* End XCRemoteSwiftPackageReference section */

/* Begin XCSwiftPackageProductDependency section */
		61F086B82CC79D3D000F9844 /* FirebaseAnalytics */ = {
			isa = XCSwiftPackageProductDependency;
			package = 61F086B72CC79D3D000F9844 /* XCRemoteSwiftPackageReference "firebase-ios-sdk" */;
			productName = FirebaseAnalytics;
		};
		61F086BA2CC79D3D000F9844 /* FirebaseAnalyticsOnDeviceConversion */ = {
			isa = XCSwiftPackageProductDependency;
			package = 61F086B72CC79D3D000F9844 /* XCRemoteSwiftPackageReference "firebase-ios-sdk" */;
			productName = FirebaseAnalyticsOnDeviceConversion;
		};
		61F086BC2CC79D3D000F9844 /* FirebaseAnalyticsWithoutAdIdSupport */ = {
			isa = XCSwiftPackageProductDependency;
			package = 61F086B72CC79D3D000F9844 /* XCRemoteSwiftPackageReference "firebase-ios-sdk" */;
			productName = FirebaseAnalyticsWithoutAdIdSupport;
		};
		61F086BE2CC79D3D000F9844 /* FirebaseAppCheck */ = {
			isa = XCSwiftPackageProductDependency;
			package = 61F086B72CC79D3D000F9844 /* XCRemoteSwiftPackageReference "firebase-ios-sdk" */;
			productName = FirebaseAppCheck;
		};
		61F086C02CC79D3D000F9844 /* FirebaseAuth */ = {
			isa = XCSwiftPackageProductDependency;
			package = 61F086B72CC79D3D000F9844 /* XCRemoteSwiftPackageReference "firebase-ios-sdk" */;
			productName = FirebaseAuth;
		};
		61F086C22CC79D3D000F9844 /* FirebaseAuthCombine-Community */ = {
			isa = XCSwiftPackageProductDependency;
			package = 61F086B72CC79D3D000F9844 /* XCRemoteSwiftPackageReference "firebase-ios-sdk" */;
			productName = "FirebaseAuthCombine-Community";
		};
		61F086C42CC79D3D000F9844 /* FirebaseCore */ = {
			isa = XCSwiftPackageProductDependency;
			package = 61F086B72CC79D3D000F9844 /* XCRemoteSwiftPackageReference "firebase-ios-sdk" */;
			productName = FirebaseCore;
		};
		61F086C62CC79D3D000F9844 /* FirebaseCrashlytics */ = {
			isa = XCSwiftPackageProductDependency;
			package = 61F086B72CC79D3D000F9844 /* XCRemoteSwiftPackageReference "firebase-ios-sdk" */;
			productName = FirebaseCrashlytics;
		};
		61F086C82CC79D3D000F9844 /* FirebaseDatabase */ = {
			isa = XCSwiftPackageProductDependency;
			package = 61F086B72CC79D3D000F9844 /* XCRemoteSwiftPackageReference "firebase-ios-sdk" */;
			productName = FirebaseDatabase;
		};
		61F086CA2CC79D3D000F9844 /* FirebaseFirestore */ = {
			isa = XCSwiftPackageProductDependency;
			package = 61F086B72CC79D3D000F9844 /* XCRemoteSwiftPackageReference "firebase-ios-sdk" */;
			productName = FirebaseFirestore;
		};
		61F086CC2CC79D3D000F9844 /* FirebaseFirestoreCombine-Community */ = {
			isa = XCSwiftPackageProductDependency;
			package = 61F086B72CC79D3D000F9844 /* XCRemoteSwiftPackageReference "firebase-ios-sdk" */;
			productName = "FirebaseFirestoreCombine-Community";
		};
		61F086CE2CC79D3D000F9844 /* FirebaseFunctions */ = {
			isa = XCSwiftPackageProductDependency;
			package = 61F086B72CC79D3D000F9844 /* XCRemoteSwiftPackageReference "firebase-ios-sdk" */;
			productName = FirebaseFunctions;
		};
		61F086D02CC79D3D000F9844 /* FirebaseFunctionsCombine-Community */ = {
			isa = XCSwiftPackageProductDependency;
			package = 61F086B72CC79D3D000F9844 /* XCRemoteSwiftPackageReference "firebase-ios-sdk" */;
			productName = "FirebaseFunctionsCombine-Community";
		};
		61F086D22CC79D3D000F9844 /* FirebaseInstallations */ = {
			isa = XCSwiftPackageProductDependency;
			package = 61F086B72CC79D3D000F9844 /* XCRemoteSwiftPackageReference "firebase-ios-sdk" */;
			productName = FirebaseInstallations;
		};
		61F086D42CC79D3D000F9844 /* FirebasePerformance */ = {
			isa = XCSwiftPackageProductDependency;
			package = 61F086B72CC79D3D000F9844 /* XCRemoteSwiftPackageReference "firebase-ios-sdk" */;
			productName = FirebasePerformance;
		};
		61F086D62CC79D3D000F9844 /* FirebaseStorage */ = {
			isa = XCSwiftPackageProductDependency;
			package = 61F086B72CC79D3D000F9844 /* XCRemoteSwiftPackageReference "firebase-ios-sdk" */;
			productName = FirebaseStorage;
		};
		61F086D82CC79D3D000F9844 /* FirebaseStorageCombine-Community */ = {
			isa = XCSwiftPackageProductDependency;
			package = 61F086B72CC79D3D000F9844 /* XCRemoteSwiftPackageReference "firebase-ios-sdk" */;
			productName = "FirebaseStorageCombine-Community";
		};
		6EA848EB2D299FBF003D33B2 /* Lottie */ = {
			isa = XCSwiftPackageProductDependency;
			package = 6EA848E92D299FB0003D33B2 /* XCRemoteSwiftPackageReference "lottie-ios" */;
			productName = Lottie;
		};
/* End XCSwiftPackageProductDependency section */
	};
	rootObject = 61F0866B2CC2C036000F9844 /* Project object */;
}
